// !$*UTF8*$!
{
	archiveVersion = 1;
	classes = {
	};
	objectVersion = 51;
	objects = {

/* Begin PBXBuildFile section */
		0B5D42F747D5589061CF4128 /* Pods_MakeItGreat.framework in Frameworks */ = {isa = PBXBuildFile; fileRef = B834BD88226BC27F24025683 /* Pods_MakeItGreat.framework */; };
		439F24FD44E92CC28A6EADCF /* Pods_MakeItGreatTests.framework in Frameworks */ = {isa = PBXBuildFile; fileRef = 15EBFDC75F67D6FA62043313 /* Pods_MakeItGreatTests.framework */; };
		6E0B6E40256D338000597E18 /* HomeViewModelTest.swift in Sources */ = {isa = PBXBuildFile; fileRef = 6E0B6E3F256D338000597E18 /* HomeViewModelTest.swift */; };
		6E0B6E4A256D4BCD00597E18 /* MakeItGreat.xcdatamodeld in Sources */ = {isa = PBXBuildFile; fileRef = E9D63A5F2563FAC300C154F4 /* MakeItGreat.xcdatamodeld */; };
		6E0B6E4E256D4BD900597E18 /* MakeItGreat.xcdatamodeld in Sources */ = {isa = PBXBuildFile; fileRef = E9D63A5F2563FAC300C154F4 /* MakeItGreat.xcdatamodeld */; };
		6E773B6025752C2300C20636 /* TaskCompletedTableViewCell.swift in Sources */ = {isa = PBXBuildFile; fileRef = 6E773B5F25752C2300C20636 /* TaskCompletedTableViewCell.swift */; };
		6EB19EE4257E514400A4DDD6 /* BadgeCollectionViewCell.swift in Sources */ = {isa = PBXBuildFile; fileRef = 6EB19EE3257E514400A4DDD6 /* BadgeCollectionViewCell.swift */; };
		D7F0F69EEE07D05616C48141 /* Pods_MakeItGreat_MakeItGreatUITests.framework in Frameworks */ = {isa = PBXBuildFile; fileRef = 6F9F5859EA1FCFB9F2003507 /* Pods_MakeItGreat_MakeItGreatUITests.framework */; };
		D863169A257E6A040017363B /* Varta-Medium.ttf in Resources */ = {isa = PBXBuildFile; fileRef = D8631695257E6A040017363B /* Varta-Medium.ttf */; };
		D863169B257E6A040017363B /* Varta-SemiBold.ttf in Resources */ = {isa = PBXBuildFile; fileRef = D8631696257E6A040017363B /* Varta-SemiBold.ttf */; };
		D863169C257E6A040017363B /* Varta-Light.ttf in Resources */ = {isa = PBXBuildFile; fileRef = D8631697257E6A040017363B /* Varta-Light.ttf */; };
		D863169D257E6A040017363B /* Varta-Bold.ttf in Resources */ = {isa = PBXBuildFile; fileRef = D8631698257E6A040017363B /* Varta-Bold.ttf */; };
		D863169E257E6A040017363B /* Varta-Regular.ttf in Resources */ = {isa = PBXBuildFile; fileRef = D8631699257E6A040017363B /* Varta-Regular.ttf */; };
		D89F83822577B933007E28A1 /* NotificationService.swift in Sources */ = {isa = PBXBuildFile; fileRef = D89F83812577B933007E28A1 /* NotificationService.swift */; };
		E92BEBC2257126C400D21F6D /* HomeViewModel+Facade.swift in Sources */ = {isa = PBXBuildFile; fileRef = E92BEBC1257126C400D21F6D /* HomeViewModel+Facade.swift */; };
		E930FC50256FC8B3000705E3 /* MockHomeViewModel.swift in Sources */ = {isa = PBXBuildFile; fileRef = E930FC4F256FC8B3000705E3 /* MockHomeViewModel.swift */; };
		E93EB8CB2567F3C200E0071E /* Coordinator.swift in Sources */ = {isa = PBXBuildFile; fileRef = E93EB8CA2567F3C200E0071E /* Coordinator.swift */; };
		E93EB8D32567F3EA00E0071E /* BottomSheetViewModel.swift in Sources */ = {isa = PBXBuildFile; fileRef = E93EB8D22567F3EA00E0071E /* BottomSheetViewModel.swift */; };
		E93EB8D82567F41A00E0071E /* BottomSheetViewController.swift in Sources */ = {isa = PBXBuildFile; fileRef = E93EB8D72567F41A00E0071E /* BottomSheetViewController.swift */; };
		E93EB8DD2567F4A800E0071E /* BottomSheetView.swift in Sources */ = {isa = PBXBuildFile; fileRef = E93EB8DC2567F4A800E0071E /* BottomSheetView.swift */; };
		E93EB8E22567F4DA00E0071E /* HomeViewModel.swift in Sources */ = {isa = PBXBuildFile; fileRef = E93EB8E12567F4DA00E0071E /* HomeViewModel.swift */; };
		E93EB8E72567F54E00E0071E /* HomeViewController.swift in Sources */ = {isa = PBXBuildFile; fileRef = E93EB8E62567F54E00E0071E /* HomeViewController.swift */; };
		E93EB8EC2567F55D00E0071E /* HomeView.swift in Sources */ = {isa = PBXBuildFile; fileRef = E93EB8EB2567F55D00E0071E /* HomeView.swift */; };
		E93EB8F12567F56D00E0071E /* AchievementsViewController.swift in Sources */ = {isa = PBXBuildFile; fileRef = E93EB8F02567F56D00E0071E /* AchievementsViewController.swift */; };
		E93EB8F72567F57B00E0071E /* BadgesViewController.swift in Sources */ = {isa = PBXBuildFile; fileRef = E93EB8F62567F57B00E0071E /* BadgesViewController.swift */; };
		E93EB8FF2567F58500E0071E /* GraphicsViewController.swift in Sources */ = {isa = PBXBuildFile; fileRef = E93EB8FE2567F58500E0071E /* GraphicsViewController.swift */; };
		E93EB9042567F59500E0071E /* AchievementsViewModel.swift in Sources */ = {isa = PBXBuildFile; fileRef = E93EB9032567F59500E0071E /* AchievementsViewModel.swift */; };
		E93EB9092567F59F00E0071E /* AchievementsView.swift in Sources */ = {isa = PBXBuildFile; fileRef = E93EB9082567F59F00E0071E /* AchievementsView.swift */; };
		E93EB90E2567F5A900E0071E /* CalendarView.swift in Sources */ = {isa = PBXBuildFile; fileRef = E93EB90D2567F5A900E0071E /* CalendarView.swift */; };
		E93EB9132567F5B100E0071E /* BadgesCollectionView.swift in Sources */ = {isa = PBXBuildFile; fileRef = E93EB9122567F5B100E0071E /* BadgesCollectionView.swift */; };
		E93EB9182567F5BC00E0071E /* FinishedTasksView.swift in Sources */ = {isa = PBXBuildFile; fileRef = E93EB9172567F5BC00E0071E /* FinishedTasksView.swift */; };
		E93EB91D2567F5C800E0071E /* TaskCell.swift in Sources */ = {isa = PBXBuildFile; fileRef = E93EB91C2567F5C800E0071E /* TaskCell.swift */; };
		E93EB9222567F5D100E0071E /* SectionTitleCell.swift in Sources */ = {isa = PBXBuildFile; fileRef = E93EB9212567F5D100E0071E /* SectionTitleCell.swift */; };
		E93EB9272567F7AD00E0071E /* TabBarCoordinator.swift in Sources */ = {isa = PBXBuildFile; fileRef = E93EB9262567F7AD00E0071E /* TabBarCoordinator.swift */; };
		E93EB92F2567F81200E0071E /* HomeCoordinator.swift in Sources */ = {isa = PBXBuildFile; fileRef = E93EB92E2567F81200E0071E /* HomeCoordinator.swift */; };
		E93EB9342567FA7600E0071E /* AchievementsCoordinator.swift in Sources */ = {isa = PBXBuildFile; fileRef = E93EB9332567FA7600E0071E /* AchievementsCoordinator.swift */; };
		E94DA3D0256D2DF6008F3260 /* UIColorExtension.swift in Sources */ = {isa = PBXBuildFile; fileRef = E94DA3CF256D2DF6008F3260 /* UIColorExtension.swift */; };
		E9D63A572563FAC300C154F4 /* AppDelegate.swift in Sources */ = {isa = PBXBuildFile; fileRef = E9D63A562563FAC300C154F4 /* AppDelegate.swift */; };
		E9D63A592563FAC300C154F4 /* SceneDelegate.swift in Sources */ = {isa = PBXBuildFile; fileRef = E9D63A582563FAC300C154F4 /* SceneDelegate.swift */; };
		E9D63A612563FAC300C154F4 /* MakeItGreat.xcdatamodeld in Sources */ = {isa = PBXBuildFile; fileRef = E9D63A5F2563FAC300C154F4 /* MakeItGreat.xcdatamodeld */; };
		E9D63A632563FAC600C154F4 /* Assets.xcassets in Resources */ = {isa = PBXBuildFile; fileRef = E9D63A622563FAC600C154F4 /* Assets.xcassets */; };
		E9D63A662563FAC600C154F4 /* LaunchScreen.storyboard in Resources */ = {isa = PBXBuildFile; fileRef = E9D63A642563FAC600C154F4 /* LaunchScreen.storyboard */; };
		E9D63A712563FAC700C154F4 /* MakeItGreatTests.swift in Sources */ = {isa = PBXBuildFile; fileRef = E9D63A702563FAC700C154F4 /* MakeItGreatTests.swift */; };
		E9D63A7C2563FAC700C154F4 /* MakeItGreatUITests.swift in Sources */ = {isa = PBXBuildFile; fileRef = E9D63A7B2563FAC700C154F4 /* MakeItGreatUITests.swift */; };
		E9D63A932564109400C154F4 /* TabBarController.swift in Sources */ = {isa = PBXBuildFile; fileRef = E9D63A922564109400C154F4 /* TabBarController.swift */; };
		E9D63A992564131B00C154F4 /* ViewCode.swift in Sources */ = {isa = PBXBuildFile; fileRef = E9D63A982564131B00C154F4 /* ViewCode.swift */; };
		EF2408DC2579E43C00242CD1 /* Badge+CoreDataProperties.swift in Sources */ = {isa = PBXBuildFile; fileRef = EF2408DB2579E43C00242CD1 /* Badge+CoreDataProperties.swift */; };
		EF517656256BF1A900533B11 /* List+CoreDataClass.swift in Sources */ = {isa = PBXBuildFile; fileRef = EF517652256BF19000533B11 /* List+CoreDataClass.swift */; };
		EF517657256BF1A900533B11 /* Task+CoreDataClass.swift in Sources */ = {isa = PBXBuildFile; fileRef = EF517650256BF19000533B11 /* Task+CoreDataClass.swift */; };
		EF517658256BF1A900533B11 /* List+CoreDataProperties.swift in Sources */ = {isa = PBXBuildFile; fileRef = EF517653256BF19000533B11 /* List+CoreDataProperties.swift */; };
		EF517659256BF1A900533B11 /* Project+CoreDataClass.swift in Sources */ = {isa = PBXBuildFile; fileRef = EF517654256BF19000533B11 /* Project+CoreDataClass.swift */; };
		EF51765A256BF1A900533B11 /* Project+CoreDataProperties.swift in Sources */ = {isa = PBXBuildFile; fileRef = EF517655256BF19000533B11 /* Project+CoreDataProperties.swift */; };
		EF51765B256BF1A900533B11 /* Task+CoreDataProperties.swift in Sources */ = {isa = PBXBuildFile; fileRef = EF517651256BF19000533B11 /* Task+CoreDataProperties.swift */; };
		EFA98C8D256FEC20002A0F4F /* Badge+CoreDataClass.swift in Sources */ = {isa = PBXBuildFile; fileRef = EF6B746E256FE86300AE0825 /* Badge+CoreDataClass.swift */; };
		EFA98C95256FF01C002A0F4F /* AchievementsViewModelTest.swift in Sources */ = {isa = PBXBuildFile; fileRef = EFA98C94256FF01C002A0F4F /* AchievementsViewModelTest.swift */; };
/* End PBXBuildFile section */

/* Begin PBXContainerItemProxy section */
		E9D63A6D2563FAC700C154F4 /* PBXContainerItemProxy */ = {
			isa = PBXContainerItemProxy;
			containerPortal = E9D63A4B2563FAC300C154F4 /* Project object */;
			proxyType = 1;
			remoteGlobalIDString = E9D63A522563FAC300C154F4;
			remoteInfo = MakeItGreat;
		};
		E9D63A782563FAC700C154F4 /* PBXContainerItemProxy */ = {
			isa = PBXContainerItemProxy;
			containerPortal = E9D63A4B2563FAC300C154F4 /* Project object */;
			proxyType = 1;
			remoteGlobalIDString = E9D63A522563FAC300C154F4;
			remoteInfo = MakeItGreat;
		};
/* End PBXContainerItemProxy section */

/* Begin PBXFileReference section */
		07BB2EED67B2FEFD2775D453 /* Pods-MakeItGreat-MakeItGreatUITests.release.xcconfig */ = {isa = PBXFileReference; includeInIndex = 1; lastKnownFileType = text.xcconfig; name = "Pods-MakeItGreat-MakeItGreatUITests.release.xcconfig"; path = "Target Support Files/Pods-MakeItGreat-MakeItGreatUITests/Pods-MakeItGreat-MakeItGreatUITests.release.xcconfig"; sourceTree = "<group>"; };
		15EBFDC75F67D6FA62043313 /* Pods_MakeItGreatTests.framework */ = {isa = PBXFileReference; explicitFileType = wrapper.framework; includeInIndex = 0; path = Pods_MakeItGreatTests.framework; sourceTree = BUILT_PRODUCTS_DIR; };
		40D7550DB51538B584B5EE58 /* Pods-MakeItGreat.debug.xcconfig */ = {isa = PBXFileReference; includeInIndex = 1; lastKnownFileType = text.xcconfig; name = "Pods-MakeItGreat.debug.xcconfig"; path = "Target Support Files/Pods-MakeItGreat/Pods-MakeItGreat.debug.xcconfig"; sourceTree = "<group>"; };
		6E0B6E3F256D338000597E18 /* HomeViewModelTest.swift */ = {isa = PBXFileReference; lastKnownFileType = sourcecode.swift; path = HomeViewModelTest.swift; sourceTree = "<group>"; };
		6E773B5F25752C2300C20636 /* TaskCompletedTableViewCell.swift */ = {isa = PBXFileReference; lastKnownFileType = sourcecode.swift; path = TaskCompletedTableViewCell.swift; sourceTree = "<group>"; };
		6EB19EE3257E514400A4DDD6 /* BadgeCollectionViewCell.swift */ = {isa = PBXFileReference; lastKnownFileType = sourcecode.swift; path = BadgeCollectionViewCell.swift; sourceTree = "<group>"; };
		6F9F5859EA1FCFB9F2003507 /* Pods_MakeItGreat_MakeItGreatUITests.framework */ = {isa = PBXFileReference; explicitFileType = wrapper.framework; includeInIndex = 0; path = Pods_MakeItGreat_MakeItGreatUITests.framework; sourceTree = BUILT_PRODUCTS_DIR; };
		76FBCDDFAAB7C49324380D2F /* Pods-MakeItGreatTests.debug.xcconfig */ = {isa = PBXFileReference; includeInIndex = 1; lastKnownFileType = text.xcconfig; name = "Pods-MakeItGreatTests.debug.xcconfig"; path = "Target Support Files/Pods-MakeItGreatTests/Pods-MakeItGreatTests.debug.xcconfig"; sourceTree = "<group>"; };
		94590CB8F6C59C7BEA5C24B0 /* Pods-MakeItGreat.release.xcconfig */ = {isa = PBXFileReference; includeInIndex = 1; lastKnownFileType = text.xcconfig; name = "Pods-MakeItGreat.release.xcconfig"; path = "Target Support Files/Pods-MakeItGreat/Pods-MakeItGreat.release.xcconfig"; sourceTree = "<group>"; };
		A3F630DA7035B369E112FE54 /* Pods-MakeItGreatTests.release.xcconfig */ = {isa = PBXFileReference; includeInIndex = 1; lastKnownFileType = text.xcconfig; name = "Pods-MakeItGreatTests.release.xcconfig"; path = "Target Support Files/Pods-MakeItGreatTests/Pods-MakeItGreatTests.release.xcconfig"; sourceTree = "<group>"; };
		A69986CDB795813B98B3BE66 /* Pods-MakeItGreat-MakeItGreatUITests.debug.xcconfig */ = {isa = PBXFileReference; includeInIndex = 1; lastKnownFileType = text.xcconfig; name = "Pods-MakeItGreat-MakeItGreatUITests.debug.xcconfig"; path = "Target Support Files/Pods-MakeItGreat-MakeItGreatUITests/Pods-MakeItGreat-MakeItGreatUITests.debug.xcconfig"; sourceTree = "<group>"; };
		B834BD88226BC27F24025683 /* Pods_MakeItGreat.framework */ = {isa = PBXFileReference; explicitFileType = wrapper.framework; includeInIndex = 0; path = Pods_MakeItGreat.framework; sourceTree = BUILT_PRODUCTS_DIR; };
		D8631695257E6A040017363B /* Varta-Medium.ttf */ = {isa = PBXFileReference; lastKnownFileType = file; path = "Varta-Medium.ttf"; sourceTree = "<group>"; };
		D8631696257E6A040017363B /* Varta-SemiBold.ttf */ = {isa = PBXFileReference; lastKnownFileType = file; path = "Varta-SemiBold.ttf"; sourceTree = "<group>"; };
		D8631697257E6A040017363B /* Varta-Light.ttf */ = {isa = PBXFileReference; lastKnownFileType = file; path = "Varta-Light.ttf"; sourceTree = "<group>"; };
		D8631698257E6A040017363B /* Varta-Bold.ttf */ = {isa = PBXFileReference; lastKnownFileType = file; path = "Varta-Bold.ttf"; sourceTree = "<group>"; };
		D8631699257E6A040017363B /* Varta-Regular.ttf */ = {isa = PBXFileReference; lastKnownFileType = file; path = "Varta-Regular.ttf"; sourceTree = "<group>"; };
		D89F83812577B933007E28A1 /* NotificationService.swift */ = {isa = PBXFileReference; lastKnownFileType = sourcecode.swift; path = NotificationService.swift; sourceTree = "<group>"; };
		E92BEBC1257126C400D21F6D /* HomeViewModel+Facade.swift */ = {isa = PBXFileReference; lastKnownFileType = sourcecode.swift; path = "HomeViewModel+Facade.swift"; sourceTree = "<group>"; };
		E930FC4F256FC8B3000705E3 /* MockHomeViewModel.swift */ = {isa = PBXFileReference; lastKnownFileType = sourcecode.swift; path = MockHomeViewModel.swift; sourceTree = "<group>"; };
		E93EB8CA2567F3C200E0071E /* Coordinator.swift */ = {isa = PBXFileReference; lastKnownFileType = sourcecode.swift; path = Coordinator.swift; sourceTree = "<group>"; };
		E93EB8D22567F3EA00E0071E /* BottomSheetViewModel.swift */ = {isa = PBXFileReference; lastKnownFileType = sourcecode.swift; path = BottomSheetViewModel.swift; sourceTree = "<group>"; };
		E93EB8D72567F41A00E0071E /* BottomSheetViewController.swift */ = {isa = PBXFileReference; lastKnownFileType = sourcecode.swift; path = BottomSheetViewController.swift; sourceTree = "<group>"; };
		E93EB8DC2567F4A800E0071E /* BottomSheetView.swift */ = {isa = PBXFileReference; lastKnownFileType = sourcecode.swift; path = BottomSheetView.swift; sourceTree = "<group>"; };
		E93EB8E12567F4DA00E0071E /* HomeViewModel.swift */ = {isa = PBXFileReference; lastKnownFileType = sourcecode.swift; path = HomeViewModel.swift; sourceTree = "<group>"; };
		E93EB8E62567F54E00E0071E /* HomeViewController.swift */ = {isa = PBXFileReference; lastKnownFileType = sourcecode.swift; path = HomeViewController.swift; sourceTree = "<group>"; };
		E93EB8EB2567F55D00E0071E /* HomeView.swift */ = {isa = PBXFileReference; lastKnownFileType = sourcecode.swift; path = HomeView.swift; sourceTree = "<group>"; };
		E93EB8F02567F56D00E0071E /* AchievementsViewController.swift */ = {isa = PBXFileReference; lastKnownFileType = sourcecode.swift; path = AchievementsViewController.swift; sourceTree = "<group>"; };
		E93EB8F62567F57B00E0071E /* BadgesViewController.swift */ = {isa = PBXFileReference; lastKnownFileType = sourcecode.swift; path = BadgesViewController.swift; sourceTree = "<group>"; };
		E93EB8FE2567F58500E0071E /* GraphicsViewController.swift */ = {isa = PBXFileReference; lastKnownFileType = sourcecode.swift; path = GraphicsViewController.swift; sourceTree = "<group>"; };
		E93EB9032567F59500E0071E /* AchievementsViewModel.swift */ = {isa = PBXFileReference; lastKnownFileType = sourcecode.swift; path = AchievementsViewModel.swift; sourceTree = "<group>"; };
		E93EB9082567F59F00E0071E /* AchievementsView.swift */ = {isa = PBXFileReference; lastKnownFileType = sourcecode.swift; path = AchievementsView.swift; sourceTree = "<group>"; };
		E93EB90D2567F5A900E0071E /* CalendarView.swift */ = {isa = PBXFileReference; lastKnownFileType = sourcecode.swift; path = CalendarView.swift; sourceTree = "<group>"; };
		E93EB9122567F5B100E0071E /* BadgesCollectionView.swift */ = {isa = PBXFileReference; lastKnownFileType = sourcecode.swift; path = BadgesCollectionView.swift; sourceTree = "<group>"; };
		E93EB9172567F5BC00E0071E /* FinishedTasksView.swift */ = {isa = PBXFileReference; lastKnownFileType = sourcecode.swift; path = FinishedTasksView.swift; sourceTree = "<group>"; };
		E93EB91C2567F5C800E0071E /* TaskCell.swift */ = {isa = PBXFileReference; lastKnownFileType = sourcecode.swift; path = TaskCell.swift; sourceTree = "<group>"; };
		E93EB9212567F5D100E0071E /* SectionTitleCell.swift */ = {isa = PBXFileReference; lastKnownFileType = sourcecode.swift; path = SectionTitleCell.swift; sourceTree = "<group>"; };
		E93EB9262567F7AD00E0071E /* TabBarCoordinator.swift */ = {isa = PBXFileReference; lastKnownFileType = sourcecode.swift; path = TabBarCoordinator.swift; sourceTree = "<group>"; };
		E93EB92E2567F81200E0071E /* HomeCoordinator.swift */ = {isa = PBXFileReference; lastKnownFileType = sourcecode.swift; path = HomeCoordinator.swift; sourceTree = "<group>"; };
		E93EB9332567FA7600E0071E /* AchievementsCoordinator.swift */ = {isa = PBXFileReference; lastKnownFileType = sourcecode.swift; path = AchievementsCoordinator.swift; sourceTree = "<group>"; };
		E94DA3CF256D2DF6008F3260 /* UIColorExtension.swift */ = {isa = PBXFileReference; lastKnownFileType = sourcecode.swift; path = UIColorExtension.swift; sourceTree = "<group>"; };
		E9D63A532563FAC300C154F4 /* MakeItGreat.app */ = {isa = PBXFileReference; explicitFileType = wrapper.application; includeInIndex = 0; path = MakeItGreat.app; sourceTree = BUILT_PRODUCTS_DIR; };
		E9D63A562563FAC300C154F4 /* AppDelegate.swift */ = {isa = PBXFileReference; lastKnownFileType = sourcecode.swift; path = AppDelegate.swift; sourceTree = "<group>"; };
		E9D63A582563FAC300C154F4 /* SceneDelegate.swift */ = {isa = PBXFileReference; lastKnownFileType = sourcecode.swift; path = SceneDelegate.swift; sourceTree = "<group>"; };
		E9D63A602563FAC300C154F4 /* MakeItGreat.xcdatamodel */ = {isa = PBXFileReference; lastKnownFileType = wrapper.xcdatamodel; path = MakeItGreat.xcdatamodel; sourceTree = "<group>"; };
		E9D63A622563FAC600C154F4 /* Assets.xcassets */ = {isa = PBXFileReference; lastKnownFileType = folder.assetcatalog; path = Assets.xcassets; sourceTree = "<group>"; };
		E9D63A652563FAC600C154F4 /* Base */ = {isa = PBXFileReference; lastKnownFileType = file.storyboard; name = Base; path = Base.lproj/LaunchScreen.storyboard; sourceTree = "<group>"; };
		E9D63A672563FAC600C154F4 /* Info.plist */ = {isa = PBXFileReference; lastKnownFileType = text.plist.xml; path = Info.plist; sourceTree = "<group>"; };
		E9D63A6C2563FAC700C154F4 /* MakeItGreatTests.xctest */ = {isa = PBXFileReference; explicitFileType = wrapper.cfbundle; includeInIndex = 0; path = MakeItGreatTests.xctest; sourceTree = BUILT_PRODUCTS_DIR; };
		E9D63A702563FAC700C154F4 /* MakeItGreatTests.swift */ = {isa = PBXFileReference; lastKnownFileType = sourcecode.swift; path = MakeItGreatTests.swift; sourceTree = "<group>"; };
		E9D63A722563FAC700C154F4 /* Info.plist */ = {isa = PBXFileReference; lastKnownFileType = text.plist.xml; path = Info.plist; sourceTree = "<group>"; };
		E9D63A772563FAC700C154F4 /* MakeItGreatUITests.xctest */ = {isa = PBXFileReference; explicitFileType = wrapper.cfbundle; includeInIndex = 0; path = MakeItGreatUITests.xctest; sourceTree = BUILT_PRODUCTS_DIR; };
		E9D63A7B2563FAC700C154F4 /* MakeItGreatUITests.swift */ = {isa = PBXFileReference; lastKnownFileType = sourcecode.swift; path = MakeItGreatUITests.swift; sourceTree = "<group>"; };
		E9D63A7D2563FAC700C154F4 /* Info.plist */ = {isa = PBXFileReference; lastKnownFileType = text.plist.xml; path = Info.plist; sourceTree = "<group>"; };
		E9D63A922564109400C154F4 /* TabBarController.swift */ = {isa = PBXFileReference; lastKnownFileType = sourcecode.swift; path = TabBarController.swift; sourceTree = "<group>"; };
		E9D63A982564131B00C154F4 /* ViewCode.swift */ = {isa = PBXFileReference; lastKnownFileType = sourcecode.swift; path = ViewCode.swift; sourceTree = "<group>"; };
		EF2408DB2579E43C00242CD1 /* Badge+CoreDataProperties.swift */ = {isa = PBXFileReference; lastKnownFileType = sourcecode.swift; path = "Badge+CoreDataProperties.swift"; sourceTree = "<group>"; };
		EF517650256BF19000533B11 /* Task+CoreDataClass.swift */ = {isa = PBXFileReference; lastKnownFileType = sourcecode.swift; path = "Task+CoreDataClass.swift"; sourceTree = "<group>"; };
		EF517651256BF19000533B11 /* Task+CoreDataProperties.swift */ = {isa = PBXFileReference; lastKnownFileType = sourcecode.swift; path = "Task+CoreDataProperties.swift"; sourceTree = "<group>"; };
		EF517652256BF19000533B11 /* List+CoreDataClass.swift */ = {isa = PBXFileReference; lastKnownFileType = sourcecode.swift; path = "List+CoreDataClass.swift"; sourceTree = "<group>"; };
		EF517653256BF19000533B11 /* List+CoreDataProperties.swift */ = {isa = PBXFileReference; lastKnownFileType = sourcecode.swift; path = "List+CoreDataProperties.swift"; sourceTree = "<group>"; };
		EF517654256BF19000533B11 /* Project+CoreDataClass.swift */ = {isa = PBXFileReference; lastKnownFileType = sourcecode.swift; path = "Project+CoreDataClass.swift"; sourceTree = "<group>"; };
		EF517655256BF19000533B11 /* Project+CoreDataProperties.swift */ = {isa = PBXFileReference; lastKnownFileType = sourcecode.swift; path = "Project+CoreDataProperties.swift"; sourceTree = "<group>"; };
		EF6B746E256FE86300AE0825 /* Badge+CoreDataClass.swift */ = {isa = PBXFileReference; lastKnownFileType = sourcecode.swift; path = "Badge+CoreDataClass.swift"; sourceTree = "<group>"; };
		EFA98C94256FF01C002A0F4F /* AchievementsViewModelTest.swift */ = {isa = PBXFileReference; lastKnownFileType = sourcecode.swift; path = AchievementsViewModelTest.swift; sourceTree = "<group>"; };
/* End PBXFileReference section */

/* Begin PBXFrameworksBuildPhase section */
		E9D63A502563FAC300C154F4 /* Frameworks */ = {
			isa = PBXFrameworksBuildPhase;
			buildActionMask = 2147483647;
			files = (
				0B5D42F747D5589061CF4128 /* Pods_MakeItGreat.framework in Frameworks */,
			);
			runOnlyForDeploymentPostprocessing = 0;
		};
		E9D63A692563FAC700C154F4 /* Frameworks */ = {
			isa = PBXFrameworksBuildPhase;
			buildActionMask = 2147483647;
			files = (
				439F24FD44E92CC28A6EADCF /* Pods_MakeItGreatTests.framework in Frameworks */,
			);
			runOnlyForDeploymentPostprocessing = 0;
		};
		E9D63A742563FAC700C154F4 /* Frameworks */ = {
			isa = PBXFrameworksBuildPhase;
			buildActionMask = 2147483647;
			files = (
				D7F0F69EEE07D05616C48141 /* Pods_MakeItGreat_MakeItGreatUITests.framework in Frameworks */,
			);
			runOnlyForDeploymentPostprocessing = 0;
		};
/* End PBXFrameworksBuildPhase section */

/* Begin PBXGroup section */
		6E0B6E30256BF9F200597E18 /* Model */ = {
			isa = PBXGroup;
			children = (
				EF51765F256BF1CE00533B11 /* CoreDataModels */,
			);
			path = Model;
			sourceTree = "<group>";
		};
		6EDD5B16D1E1EC8DEFBE4DDC /* Frameworks */ = {
			isa = PBXGroup;
			children = (
				B834BD88226BC27F24025683 /* Pods_MakeItGreat.framework */,
				6F9F5859EA1FCFB9F2003507 /* Pods_MakeItGreat_MakeItGreatUITests.framework */,
				15EBFDC75F67D6FA62043313 /* Pods_MakeItGreatTests.framework */,
			);
			name = Frameworks;
			sourceTree = "<group>";
		};
		C69ACA851E0A5226BA96B764 /* Pods */ = {
			isa = PBXGroup;
			children = (
				40D7550DB51538B584B5EE58 /* Pods-MakeItGreat.debug.xcconfig */,
				94590CB8F6C59C7BEA5C24B0 /* Pods-MakeItGreat.release.xcconfig */,
				A69986CDB795813B98B3BE66 /* Pods-MakeItGreat-MakeItGreatUITests.debug.xcconfig */,
				07BB2EED67B2FEFD2775D453 /* Pods-MakeItGreat-MakeItGreatUITests.release.xcconfig */,
				76FBCDDFAAB7C49324380D2F /* Pods-MakeItGreatTests.debug.xcconfig */,
				A3F630DA7035B369E112FE54 /* Pods-MakeItGreatTests.release.xcconfig */,
			);
			path = Pods;
			sourceTree = "<group>";
		};
		D8631694257E698E0017363B /* Fonts */ = {
			isa = PBXGroup;
			children = (
				D8631698257E6A040017363B /* Varta-Bold.ttf */,
				D8631697257E6A040017363B /* Varta-Light.ttf */,
				D8631695257E6A040017363B /* Varta-Medium.ttf */,
				D8631699257E6A040017363B /* Varta-Regular.ttf */,
				D8631696257E6A040017363B /* Varta-SemiBold.ttf */,
			);
			path = Fonts;
			sourceTree = "<group>";
		};
		D89F83802577B91F007E28A1 /* Services */ = {
			isa = PBXGroup;
			children = (
				D89F83812577B933007E28A1 /* NotificationService.swift */,
			);
			path = Services;
			sourceTree = "<group>";
		};
		E93EB8B92567F16C00E0071E /* Home */ = {
			isa = PBXGroup;
			children = (
				6E0B6E30256BF9F200597E18 /* Model */,
				E93EB8BB2567F18700E0071E /* ViewModel */,
				E93EB8BA2567F17400E0071E /* Controllers */,
				E93EB8BC2567F19100E0071E /* View */,
				E93EB92E2567F81200E0071E /* HomeCoordinator.swift */,
			);
			path = Home;
			sourceTree = "<group>";
		};
		E93EB8BA2567F17400E0071E /* Controllers */ = {
			isa = PBXGroup;
			children = (
				E93EB8E62567F54E00E0071E /* HomeViewController.swift */,
			);
			path = Controllers;
			sourceTree = "<group>";
		};
		E93EB8BB2567F18700E0071E /* ViewModel */ = {
			isa = PBXGroup;
			children = (
				E93EB8E12567F4DA00E0071E /* HomeViewModel.swift */,
				E930FC4F256FC8B3000705E3 /* MockHomeViewModel.swift */,
				E92BEBC1257126C400D21F6D /* HomeViewModel+Facade.swift */,
			);
			path = ViewModel;
			sourceTree = "<group>";
		};
		E93EB8BC2567F19100E0071E /* View */ = {
			isa = PBXGroup;
			children = (
				E93EB8EB2567F55D00E0071E /* HomeView.swift */,
				E93EB91C2567F5C800E0071E /* TaskCell.swift */,
				E93EB9212567F5D100E0071E /* SectionTitleCell.swift */,
			);
			path = View;
			sourceTree = "<group>";
		};
		E93EB8BD2567F1A000E0071E /* Shared */ = {
			isa = PBXGroup;
			children = (
				D8631694257E698E0017363B /* Fonts */,
				E9D63A622563FAC600C154F4 /* Assets.xcassets */,
				E9D63A642563FAC600C154F4 /* LaunchScreen.storyboard */,
				E9D63A5F2563FAC300C154F4 /* MakeItGreat.xcdatamodeld */,
				E93EB9262567F7AD00E0071E /* TabBarCoordinator.swift */,
				E94DA3CF256D2DF6008F3260 /* UIColorExtension.swift */,
			);
			path = Shared;
			sourceTree = "<group>";
		};
		E93EB8BF2567F1FC00E0071E /* Configuration */ = {
			isa = PBXGroup;
			children = (
				E9D63A562563FAC300C154F4 /* AppDelegate.swift */,
				E9D63A582563FAC300C154F4 /* SceneDelegate.swift */,
			);
			path = Configuration;
			sourceTree = "<group>";
		};
		E93EB8C12567F2A400E0071E /* Achievements */ = {
			isa = PBXGroup;
			children = (
				EF6B746D256FE84900AE0825 /* Model */,
				E93EB8C42567F2CC00E0071E /* Controllers */,
				E93EB8C32567F2C500E0071E /* ViewModel */,
				E93EB8C52567F2D300E0071E /* View */,
				E93EB9332567FA7600E0071E /* AchievementsCoordinator.swift */,
			);
			path = Achievements;
			sourceTree = "<group>";
		};
		E93EB8C22567F2B700E0071E /* Scenes */ = {
			isa = PBXGroup;
			children = (
				E93EB8C62567F2E600E0071E /* BottomSheet */,
				E93EB8B92567F16C00E0071E /* Home */,
				E93EB8C12567F2A400E0071E /* Achievements */,
				E9D63A922564109400C154F4 /* TabBarController.swift */,
			);
			path = Scenes;
			sourceTree = "<group>";
		};
		E93EB8C32567F2C500E0071E /* ViewModel */ = {
			isa = PBXGroup;
			children = (
				E93EB9032567F59500E0071E /* AchievementsViewModel.swift */,
			);
			path = ViewModel;
			sourceTree = "<group>";
		};
		E93EB8C42567F2CC00E0071E /* Controllers */ = {
			isa = PBXGroup;
			children = (
				E93EB8F02567F56D00E0071E /* AchievementsViewController.swift */,
				E93EB8F62567F57B00E0071E /* BadgesViewController.swift */,
				E93EB8FE2567F58500E0071E /* GraphicsViewController.swift */,
			);
			path = Controllers;
			sourceTree = "<group>";
		};
		E93EB8C52567F2D300E0071E /* View */ = {
			isa = PBXGroup;
			children = (
				E93EB9082567F59F00E0071E /* AchievementsView.swift */,
				E93EB90D2567F5A900E0071E /* CalendarView.swift */,
				E93EB9122567F5B100E0071E /* BadgesCollectionView.swift */,
				E93EB9172567F5BC00E0071E /* FinishedTasksView.swift */,
				6E773B5F25752C2300C20636 /* TaskCompletedTableViewCell.swift */,
				6EB19EE3257E514400A4DDD6 /* BadgeCollectionViewCell.swift */,
			);
			path = View;
			sourceTree = "<group>";
		};
		E93EB8C62567F2E600E0071E /* BottomSheet */ = {
			isa = PBXGroup;
			children = (
				E93EB8C92567F30A00E0071E /* ViewModel */,
				E93EB8C72567F30000E0071E /* Controllers */,
				E93EB8C82567F30600E0071E /* View */,
			);
			path = BottomSheet;
			sourceTree = "<group>";
		};
		E93EB8C72567F30000E0071E /* Controllers */ = {
			isa = PBXGroup;
			children = (
				E93EB8D72567F41A00E0071E /* BottomSheetViewController.swift */,
			);
			path = Controllers;
			sourceTree = "<group>";
		};
		E93EB8C82567F30600E0071E /* View */ = {
			isa = PBXGroup;
			children = (
				E93EB8DC2567F4A800E0071E /* BottomSheetView.swift */,
			);
			path = View;
			sourceTree = "<group>";
		};
		E93EB8C92567F30A00E0071E /* ViewModel */ = {
			isa = PBXGroup;
			children = (
				E93EB8D22567F3EA00E0071E /* BottomSheetViewModel.swift */,
			);
			path = ViewModel;
			sourceTree = "<group>";
		};
		E9D63A4A2563FAC300C154F4 = {
			isa = PBXGroup;
			children = (
				E9D63A552563FAC300C154F4 /* MakeItGreat */,
				E9D63A672563FAC600C154F4 /* Info.plist */,
				E9D63A6F2563FAC700C154F4 /* MakeItGreatTests */,
				E9D63A7A2563FAC700C154F4 /* MakeItGreatUITests */,
				E9D63A542563FAC300C154F4 /* Products */,
				C69ACA851E0A5226BA96B764 /* Pods */,
				6EDD5B16D1E1EC8DEFBE4DDC /* Frameworks */,
			);
			sourceTree = "<group>";
		};
		E9D63A542563FAC300C154F4 /* Products */ = {
			isa = PBXGroup;
			children = (
				E9D63A532563FAC300C154F4 /* MakeItGreat.app */,
				E9D63A6C2563FAC700C154F4 /* MakeItGreatTests.xctest */,
				E9D63A772563FAC700C154F4 /* MakeItGreatUITests.xctest */,
			);
			name = Products;
			sourceTree = "<group>";
		};
		E9D63A552563FAC300C154F4 /* MakeItGreat */ = {
			isa = PBXGroup;
			children = (
				D89F83802577B91F007E28A1 /* Services */,
				E93EB8BD2567F1A000E0071E /* Shared */,
				E93EB8C22567F2B700E0071E /* Scenes */,
				E9D63A972564130E00C154F4 /* Protocols */,
				E93EB8BF2567F1FC00E0071E /* Configuration */,
			);
			path = MakeItGreat;
			sourceTree = "<group>";
		};
		E9D63A6F2563FAC700C154F4 /* MakeItGreatTests */ = {
			isa = PBXGroup;
			children = (
				E9D63A702563FAC700C154F4 /* MakeItGreatTests.swift */,
				E9D63A722563FAC700C154F4 /* Info.plist */,
				EFA98C94256FF01C002A0F4F /* AchievementsViewModelTest.swift */,
				6E0B6E3F256D338000597E18 /* HomeViewModelTest.swift */,
			);
			path = MakeItGreatTests;
			sourceTree = "<group>";
		};
		E9D63A7A2563FAC700C154F4 /* MakeItGreatUITests */ = {
			isa = PBXGroup;
			children = (
				E9D63A7B2563FAC700C154F4 /* MakeItGreatUITests.swift */,
				E9D63A7D2563FAC700C154F4 /* Info.plist */,
			);
			path = MakeItGreatUITests;
			sourceTree = "<group>";
		};
		E9D63A972564130E00C154F4 /* Protocols */ = {
			isa = PBXGroup;
			children = (
				E93EB8CA2567F3C200E0071E /* Coordinator.swift */,
				E9D63A982564131B00C154F4 /* ViewCode.swift */,
			);
			path = Protocols;
			sourceTree = "<group>";
		};
		EF51765F256BF1CE00533B11 /* CoreDataModels */ = {
			isa = PBXGroup;
			children = (
				EF517654256BF19000533B11 /* Project+CoreDataClass.swift */,
				EF517655256BF19000533B11 /* Project+CoreDataProperties.swift */,
				EF517650256BF19000533B11 /* Task+CoreDataClass.swift */,
				EF517651256BF19000533B11 /* Task+CoreDataProperties.swift */,
				EF517652256BF19000533B11 /* List+CoreDataClass.swift */,
				EF517653256BF19000533B11 /* List+CoreDataProperties.swift */,
			);
			path = CoreDataModels;
			sourceTree = "<group>";
		};
		EF6B746D256FE84900AE0825 /* Model */ = {
			isa = PBXGroup;
			children = (
				EF6B746E256FE86300AE0825 /* Badge+CoreDataClass.swift */,
				EF2408DB2579E43C00242CD1 /* Badge+CoreDataProperties.swift */,
			);
			path = Model;
			sourceTree = "<group>";
		};
/* End PBXGroup section */

/* Begin PBXNativeTarget section */
		E9D63A522563FAC300C154F4 /* MakeItGreat */ = {
			isa = PBXNativeTarget;
			buildConfigurationList = E9D63A802563FAC700C154F4 /* Build configuration list for PBXNativeTarget "MakeItGreat" */;
			buildPhases = (
				B2BC41C163D016DB69C20773 /* [CP] Check Pods Manifest.lock */,
				E9D63A4F2563FAC300C154F4 /* Sources */,
				E9D63A502563FAC300C154F4 /* Frameworks */,
				E9D63A512563FAC300C154F4 /* Resources */,
				431A0FA6BE4C0D8573EDF670 /* [CP] Embed Pods Frameworks */,
			);
			buildRules = (
			);
			dependencies = (
			);
			name = MakeItGreat;
			productName = MakeItGreat;
			productReference = E9D63A532563FAC300C154F4 /* MakeItGreat.app */;
			productType = "com.apple.product-type.application";
		};
		E9D63A6B2563FAC700C154F4 /* MakeItGreatTests */ = {
			isa = PBXNativeTarget;
			buildConfigurationList = E9D63A832563FAC700C154F4 /* Build configuration list for PBXNativeTarget "MakeItGreatTests" */;
			buildPhases = (
				245A381B82D0A40184E67609 /* [CP] Check Pods Manifest.lock */,
				E9D63A682563FAC700C154F4 /* Sources */,
				E9D63A692563FAC700C154F4 /* Frameworks */,
				E9D63A6A2563FAC700C154F4 /* Resources */,
			);
			buildRules = (
			);
			dependencies = (
				E9D63A6E2563FAC700C154F4 /* PBXTargetDependency */,
			);
			name = MakeItGreatTests;
			productName = MakeItGreatTests;
			productReference = E9D63A6C2563FAC700C154F4 /* MakeItGreatTests.xctest */;
			productType = "com.apple.product-type.bundle.unit-test";
		};
		E9D63A762563FAC700C154F4 /* MakeItGreatUITests */ = {
			isa = PBXNativeTarget;
			buildConfigurationList = E9D63A862563FAC700C154F4 /* Build configuration list for PBXNativeTarget "MakeItGreatUITests" */;
			buildPhases = (
				4B8AD86AF32878F31FC3BC81 /* [CP] Check Pods Manifest.lock */,
				E9D63A732563FAC700C154F4 /* Sources */,
				E9D63A742563FAC700C154F4 /* Frameworks */,
				E9D63A752563FAC700C154F4 /* Resources */,
				C51AB751D73FC81FD6FA502E /* [CP] Embed Pods Frameworks */,
			);
			buildRules = (
			);
			dependencies = (
				E9D63A792563FAC700C154F4 /* PBXTargetDependency */,
			);
			name = MakeItGreatUITests;
			productName = MakeItGreatUITests;
			productReference = E9D63A772563FAC700C154F4 /* MakeItGreatUITests.xctest */;
			productType = "com.apple.product-type.bundle.ui-testing";
		};
/* End PBXNativeTarget section */

/* Begin PBXProject section */
		E9D63A4B2563FAC300C154F4 /* Project object */ = {
			isa = PBXProject;
			attributes = {
				LastSwiftUpdateCheck = 1220;
				LastUpgradeCheck = 1220;
				TargetAttributes = {
					E9D63A522563FAC300C154F4 = {
						CreatedOnToolsVersion = 12.2;
					};
					E9D63A6B2563FAC700C154F4 = {
						CreatedOnToolsVersion = 12.2;
						TestTargetID = E9D63A522563FAC300C154F4;
					};
					E9D63A762563FAC700C154F4 = {
						CreatedOnToolsVersion = 12.2;
						TestTargetID = E9D63A522563FAC300C154F4;
					};
				};
			};
			buildConfigurationList = E9D63A4E2563FAC300C154F4 /* Build configuration list for PBXProject "MakeItGreat" */;
			compatibilityVersion = "Xcode 9.3";
			developmentRegion = en;
			hasScannedForEncodings = 0;
			knownRegions = (
				en,
				Base,
			);
			mainGroup = E9D63A4A2563FAC300C154F4;
			productRefGroup = E9D63A542563FAC300C154F4 /* Products */;
			projectDirPath = "";
			projectRoot = "";
			targets = (
				E9D63A522563FAC300C154F4 /* MakeItGreat */,
				E9D63A6B2563FAC700C154F4 /* MakeItGreatTests */,
				E9D63A762563FAC700C154F4 /* MakeItGreatUITests */,
			);
		};
/* End PBXProject section */

/* Begin PBXResourcesBuildPhase section */
		E9D63A512563FAC300C154F4 /* Resources */ = {
			isa = PBXResourcesBuildPhase;
			buildActionMask = 2147483647;
			files = (
				D863169D257E6A040017363B /* Varta-Bold.ttf in Resources */,
				D863169E257E6A040017363B /* Varta-Regular.ttf in Resources */,
				D863169B257E6A040017363B /* Varta-SemiBold.ttf in Resources */,
				D863169C257E6A040017363B /* Varta-Light.ttf in Resources */,
				D863169A257E6A040017363B /* Varta-Medium.ttf in Resources */,
				E9D63A662563FAC600C154F4 /* LaunchScreen.storyboard in Resources */,
				E9D63A632563FAC600C154F4 /* Assets.xcassets in Resources */,
			);
			runOnlyForDeploymentPostprocessing = 0;
		};
		E9D63A6A2563FAC700C154F4 /* Resources */ = {
			isa = PBXResourcesBuildPhase;
			buildActionMask = 2147483647;
			files = (
			);
			runOnlyForDeploymentPostprocessing = 0;
		};
		E9D63A752563FAC700C154F4 /* Resources */ = {
			isa = PBXResourcesBuildPhase;
			buildActionMask = 2147483647;
			files = (
			);
			runOnlyForDeploymentPostprocessing = 0;
		};
/* End PBXResourcesBuildPhase section */

/* Begin PBXShellScriptBuildPhase section */
		245A381B82D0A40184E67609 /* [CP] Check Pods Manifest.lock */ = {
			isa = PBXShellScriptBuildPhase;
			buildActionMask = 2147483647;
			files = (
			);
			inputFileListPaths = (
			);
			inputPaths = (
				"${PODS_PODFILE_DIR_PATH}/Podfile.lock",
				"${PODS_ROOT}/Manifest.lock",
			);
			name = "[CP] Check Pods Manifest.lock";
			outputFileListPaths = (
			);
			outputPaths = (
				"$(DERIVED_FILE_DIR)/Pods-MakeItGreatTests-checkManifestLockResult.txt",
			);
			runOnlyForDeploymentPostprocessing = 0;
			shellPath = /bin/sh;
			shellScript = "diff \"${PODS_PODFILE_DIR_PATH}/Podfile.lock\" \"${PODS_ROOT}/Manifest.lock\" > /dev/null\nif [ $? != 0 ] ; then\n    # print error to STDERR\n    echo \"error: The sandbox is not in sync with the Podfile.lock. Run 'pod install' or update your CocoaPods installation.\" >&2\n    exit 1\nfi\n# This output is used by Xcode 'outputs' to avoid re-running this script phase.\necho \"SUCCESS\" > \"${SCRIPT_OUTPUT_FILE_0}\"\n";
			showEnvVarsInLog = 0;
		};
		431A0FA6BE4C0D8573EDF670 /* [CP] Embed Pods Frameworks */ = {
			isa = PBXShellScriptBuildPhase;
			buildActionMask = 2147483647;
			files = (
			);
			inputFileListPaths = (
				"${PODS_ROOT}/Target Support Files/Pods-MakeItGreat/Pods-MakeItGreat-frameworks-${CONFIGURATION}-input-files.xcfilelist",
			);
			name = "[CP] Embed Pods Frameworks";
			outputFileListPaths = (
				"${PODS_ROOT}/Target Support Files/Pods-MakeItGreat/Pods-MakeItGreat-frameworks-${CONFIGURATION}-output-files.xcfilelist",
			);
			runOnlyForDeploymentPostprocessing = 0;
			shellPath = /bin/sh;
			shellScript = "\"${PODS_ROOT}/Target Support Files/Pods-MakeItGreat/Pods-MakeItGreat-frameworks.sh\"\n";
			showEnvVarsInLog = 0;
		};
		4B8AD86AF32878F31FC3BC81 /* [CP] Check Pods Manifest.lock */ = {
			isa = PBXShellScriptBuildPhase;
			buildActionMask = 2147483647;
			files = (
			);
			inputFileListPaths = (
			);
			inputPaths = (
				"${PODS_PODFILE_DIR_PATH}/Podfile.lock",
				"${PODS_ROOT}/Manifest.lock",
			);
			name = "[CP] Check Pods Manifest.lock";
			outputFileListPaths = (
			);
			outputPaths = (
				"$(DERIVED_FILE_DIR)/Pods-MakeItGreat-MakeItGreatUITests-checkManifestLockResult.txt",
			);
			runOnlyForDeploymentPostprocessing = 0;
			shellPath = /bin/sh;
			shellScript = "diff \"${PODS_PODFILE_DIR_PATH}/Podfile.lock\" \"${PODS_ROOT}/Manifest.lock\" > /dev/null\nif [ $? != 0 ] ; then\n    # print error to STDERR\n    echo \"error: The sandbox is not in sync with the Podfile.lock. Run 'pod install' or update your CocoaPods installation.\" >&2\n    exit 1\nfi\n# This output is used by Xcode 'outputs' to avoid re-running this script phase.\necho \"SUCCESS\" > \"${SCRIPT_OUTPUT_FILE_0}\"\n";
			showEnvVarsInLog = 0;
		};
		B2BC41C163D016DB69C20773 /* [CP] Check Pods Manifest.lock */ = {
			isa = PBXShellScriptBuildPhase;
			buildActionMask = 2147483647;
			files = (
			);
			inputFileListPaths = (
			);
			inputPaths = (
				"${PODS_PODFILE_DIR_PATH}/Podfile.lock",
				"${PODS_ROOT}/Manifest.lock",
			);
			name = "[CP] Check Pods Manifest.lock";
			outputFileListPaths = (
			);
			outputPaths = (
				"$(DERIVED_FILE_DIR)/Pods-MakeItGreat-checkManifestLockResult.txt",
			);
			runOnlyForDeploymentPostprocessing = 0;
			shellPath = /bin/sh;
			shellScript = "diff \"${PODS_PODFILE_DIR_PATH}/Podfile.lock\" \"${PODS_ROOT}/Manifest.lock\" > /dev/null\nif [ $? != 0 ] ; then\n    # print error to STDERR\n    echo \"error: The sandbox is not in sync with the Podfile.lock. Run 'pod install' or update your CocoaPods installation.\" >&2\n    exit 1\nfi\n# This output is used by Xcode 'outputs' to avoid re-running this script phase.\necho \"SUCCESS\" > \"${SCRIPT_OUTPUT_FILE_0}\"\n";
			showEnvVarsInLog = 0;
		};
		C51AB751D73FC81FD6FA502E /* [CP] Embed Pods Frameworks */ = {
			isa = PBXShellScriptBuildPhase;
			buildActionMask = 2147483647;
			files = (
			);
			inputFileListPaths = (
				"${PODS_ROOT}/Target Support Files/Pods-MakeItGreat-MakeItGreatUITests/Pods-MakeItGreat-MakeItGreatUITests-frameworks-${CONFIGURATION}-input-files.xcfilelist",
			);
			name = "[CP] Embed Pods Frameworks";
			outputFileListPaths = (
				"${PODS_ROOT}/Target Support Files/Pods-MakeItGreat-MakeItGreatUITests/Pods-MakeItGreat-MakeItGreatUITests-frameworks-${CONFIGURATION}-output-files.xcfilelist",
			);
			runOnlyForDeploymentPostprocessing = 0;
			shellPath = /bin/sh;
			shellScript = "\"${PODS_ROOT}/Target Support Files/Pods-MakeItGreat-MakeItGreatUITests/Pods-MakeItGreat-MakeItGreatUITests-frameworks.sh\"\n";
			showEnvVarsInLog = 0;
		};
/* End PBXShellScriptBuildPhase section */

/* Begin PBXSourcesBuildPhase section */
		E9D63A4F2563FAC300C154F4 /* Sources */ = {
			isa = PBXSourcesBuildPhase;
			buildActionMask = 2147483647;
			files = (
				E9D63A572563FAC300C154F4 /* AppDelegate.swift in Sources */,
				6EB19EE4257E514400A4DDD6 /* BadgeCollectionViewCell.swift in Sources */,
				E93EB91D2567F5C800E0071E /* TaskCell.swift in Sources */,
				E9D63A992564131B00C154F4 /* ViewCode.swift in Sources */,
				E93EB8DD2567F4A800E0071E /* BottomSheetView.swift in Sources */,
				E93EB9272567F7AD00E0071E /* TabBarCoordinator.swift in Sources */,
				E92BEBC2257126C400D21F6D /* HomeViewModel+Facade.swift in Sources */,
				E93EB92F2567F81200E0071E /* HomeCoordinator.swift in Sources */,
				D89F83822577B933007E28A1 /* NotificationService.swift in Sources */,
				EF517659256BF1A900533B11 /* Project+CoreDataClass.swift in Sources */,
				E93EB8E22567F4DA00E0071E /* HomeViewModel.swift in Sources */,
				E93EB8CB2567F3C200E0071E /* Coordinator.swift in Sources */,
				E9D63A932564109400C154F4 /* TabBarController.swift in Sources */,
				E93EB8F12567F56D00E0071E /* AchievementsViewController.swift in Sources */,
				E94DA3D0256D2DF6008F3260 /* UIColorExtension.swift in Sources */,
				EF517657256BF1A900533B11 /* Task+CoreDataClass.swift in Sources */,
				E9D63A612563FAC300C154F4 /* MakeItGreat.xcdatamodeld in Sources */,
				E93EB9132567F5B100E0071E /* BadgesCollectionView.swift in Sources */,
				E93EB9222567F5D100E0071E /* SectionTitleCell.swift in Sources */,
				EF51765B256BF1A900533B11 /* Task+CoreDataProperties.swift in Sources */,
				E93EB8F72567F57B00E0071E /* BadgesViewController.swift in Sources */,
				E93EB8E72567F54E00E0071E /* HomeViewController.swift in Sources */,
				EF517656256BF1A900533B11 /* List+CoreDataClass.swift in Sources */,
				E93EB9092567F59F00E0071E /* AchievementsView.swift in Sources */,
				E93EB8D32567F3EA00E0071E /* BottomSheetViewModel.swift in Sources */,
				EF517658256BF1A900533B11 /* List+CoreDataProperties.swift in Sources */,
				E93EB8EC2567F55D00E0071E /* HomeView.swift in Sources */,
				EF51765A256BF1A900533B11 /* Project+CoreDataProperties.swift in Sources */,
				E9D63A592563FAC300C154F4 /* SceneDelegate.swift in Sources */,
				E93EB90E2567F5A900E0071E /* CalendarView.swift in Sources */,
				6E773B6025752C2300C20636 /* TaskCompletedTableViewCell.swift in Sources */,
				EFA98C8D256FEC20002A0F4F /* Badge+CoreDataClass.swift in Sources */,
				E93EB8D82567F41A00E0071E /* BottomSheetViewController.swift in Sources */,
				E93EB9182567F5BC00E0071E /* FinishedTasksView.swift in Sources */,
				E93EB9342567FA7600E0071E /* AchievementsCoordinator.swift in Sources */,
				E93EB9042567F59500E0071E /* AchievementsViewModel.swift in Sources */,
				E930FC50256FC8B3000705E3 /* MockHomeViewModel.swift in Sources */,
				E93EB8FF2567F58500E0071E /* GraphicsViewController.swift in Sources */,
				EF2408DC2579E43C00242CD1 /* Badge+CoreDataProperties.swift in Sources */,
			);
			runOnlyForDeploymentPostprocessing = 0;
		};
		E9D63A682563FAC700C154F4 /* Sources */ = {
			isa = PBXSourcesBuildPhase;
			buildActionMask = 2147483647;
			files = (
				6E0B6E40256D338000597E18 /* HomeViewModelTest.swift in Sources */,
				EFA98C95256FF01C002A0F4F /* AchievementsViewModelTest.swift in Sources */,
				E9D63A712563FAC700C154F4 /* MakeItGreatTests.swift in Sources */,
				6E0B6E4A256D4BCD00597E18 /* MakeItGreat.xcdatamodeld in Sources */,
			);
			runOnlyForDeploymentPostprocessing = 0;
		};
		E9D63A732563FAC700C154F4 /* Sources */ = {
			isa = PBXSourcesBuildPhase;
			buildActionMask = 2147483647;
			files = (
				6E0B6E4E256D4BD900597E18 /* MakeItGreat.xcdatamodeld in Sources */,
				E9D63A7C2563FAC700C154F4 /* MakeItGreatUITests.swift in Sources */,
			);
			runOnlyForDeploymentPostprocessing = 0;
		};
/* End PBXSourcesBuildPhase section */

/* Begin PBXTargetDependency section */
		E9D63A6E2563FAC700C154F4 /* PBXTargetDependency */ = {
			isa = PBXTargetDependency;
			target = E9D63A522563FAC300C154F4 /* MakeItGreat */;
			targetProxy = E9D63A6D2563FAC700C154F4 /* PBXContainerItemProxy */;
		};
		E9D63A792563FAC700C154F4 /* PBXTargetDependency */ = {
			isa = PBXTargetDependency;
			target = E9D63A522563FAC300C154F4 /* MakeItGreat */;
			targetProxy = E9D63A782563FAC700C154F4 /* PBXContainerItemProxy */;
		};
/* End PBXTargetDependency section */

/* Begin PBXVariantGroup section */
		E9D63A642563FAC600C154F4 /* LaunchScreen.storyboard */ = {
			isa = PBXVariantGroup;
			children = (
				E9D63A652563FAC600C154F4 /* Base */,
			);
			name = LaunchScreen.storyboard;
			sourceTree = "<group>";
		};
/* End PBXVariantGroup section */

/* Begin XCBuildConfiguration section */
		E9D63A7E2563FAC700C154F4 /* Debug */ = {
			isa = XCBuildConfiguration;
			buildSettings = {
				ALWAYS_SEARCH_USER_PATHS = NO;
				CLANG_ANALYZER_NONNULL = YES;
				CLANG_ANALYZER_NUMBER_OBJECT_CONVERSION = YES_AGGRESSIVE;
				CLANG_CXX_LANGUAGE_STANDARD = "gnu++14";
				CLANG_CXX_LIBRARY = "libc++";
				CLANG_ENABLE_MODULES = YES;
				CLANG_ENABLE_OBJC_ARC = YES;
				CLANG_ENABLE_OBJC_WEAK = YES;
				CLANG_WARN_BLOCK_CAPTURE_AUTORELEASING = YES;
				CLANG_WARN_BOOL_CONVERSION = YES;
				CLANG_WARN_COMMA = YES;
				CLANG_WARN_CONSTANT_CONVERSION = YES;
				CLANG_WARN_DEPRECATED_OBJC_IMPLEMENTATIONS = YES;
				CLANG_WARN_DIRECT_OBJC_ISA_USAGE = YES_ERROR;
				CLANG_WARN_DOCUMENTATION_COMMENTS = YES;
				CLANG_WARN_EMPTY_BODY = YES;
				CLANG_WARN_ENUM_CONVERSION = YES;
				CLANG_WARN_INFINITE_RECURSION = YES;
				CLANG_WARN_INT_CONVERSION = YES;
				CLANG_WARN_NON_LITERAL_NULL_CONVERSION = YES;
				CLANG_WARN_OBJC_IMPLICIT_RETAIN_SELF = YES;
				CLANG_WARN_OBJC_LITERAL_CONVERSION = YES;
				CLANG_WARN_OBJC_ROOT_CLASS = YES_ERROR;
				CLANG_WARN_QUOTED_INCLUDE_IN_FRAMEWORK_HEADER = YES;
				CLANG_WARN_RANGE_LOOP_ANALYSIS = YES;
				CLANG_WARN_STRICT_PROTOTYPES = YES;
				CLANG_WARN_SUSPICIOUS_MOVE = YES;
				CLANG_WARN_UNGUARDED_AVAILABILITY = YES_AGGRESSIVE;
				CLANG_WARN_UNREACHABLE_CODE = YES;
				CLANG_WARN__DUPLICATE_METHOD_MATCH = YES;
				COPY_PHASE_STRIP = NO;
				DEBUG_INFORMATION_FORMAT = dwarf;
				ENABLE_STRICT_OBJC_MSGSEND = YES;
				ENABLE_TESTABILITY = YES;
				GCC_C_LANGUAGE_STANDARD = gnu11;
				GCC_DYNAMIC_NO_PIC = NO;
				GCC_NO_COMMON_BLOCKS = YES;
				GCC_OPTIMIZATION_LEVEL = 0;
				GCC_PREPROCESSOR_DEFINITIONS = (
					"DEBUG=1",
					"$(inherited)",
				);
				GCC_WARN_64_TO_32_BIT_CONVERSION = YES;
				GCC_WARN_ABOUT_RETURN_TYPE = YES_ERROR;
				GCC_WARN_UNDECLARED_SELECTOR = YES;
				GCC_WARN_UNINITIALIZED_AUTOS = YES_AGGRESSIVE;
				GCC_WARN_UNUSED_FUNCTION = YES;
				GCC_WARN_UNUSED_VARIABLE = YES;
				IPHONEOS_DEPLOYMENT_TARGET = 14.2;
				MTL_ENABLE_DEBUG_INFO = INCLUDE_SOURCE;
				MTL_FAST_MATH = YES;
				ONLY_ACTIVE_ARCH = YES;
				SDKROOT = iphoneos;
				SWIFT_ACTIVE_COMPILATION_CONDITIONS = DEBUG;
				SWIFT_OPTIMIZATION_LEVEL = "-Onone";
			};
			name = Debug;
		};
		E9D63A7F2563FAC700C154F4 /* Release */ = {
			isa = XCBuildConfiguration;
			buildSettings = {
				ALWAYS_SEARCH_USER_PATHS = NO;
				CLANG_ANALYZER_NONNULL = YES;
				CLANG_ANALYZER_NUMBER_OBJECT_CONVERSION = YES_AGGRESSIVE;
				CLANG_CXX_LANGUAGE_STANDARD = "gnu++14";
				CLANG_CXX_LIBRARY = "libc++";
				CLANG_ENABLE_MODULES = YES;
				CLANG_ENABLE_OBJC_ARC = YES;
				CLANG_ENABLE_OBJC_WEAK = YES;
				CLANG_WARN_BLOCK_CAPTURE_AUTORELEASING = YES;
				CLANG_WARN_BOOL_CONVERSION = YES;
				CLANG_WARN_COMMA = YES;
				CLANG_WARN_CONSTANT_CONVERSION = YES;
				CLANG_WARN_DEPRECATED_OBJC_IMPLEMENTATIONS = YES;
				CLANG_WARN_DIRECT_OBJC_ISA_USAGE = YES_ERROR;
				CLANG_WARN_DOCUMENTATION_COMMENTS = YES;
				CLANG_WARN_EMPTY_BODY = YES;
				CLANG_WARN_ENUM_CONVERSION = YES;
				CLANG_WARN_INFINITE_RECURSION = YES;
				CLANG_WARN_INT_CONVERSION = YES;
				CLANG_WARN_NON_LITERAL_NULL_CONVERSION = YES;
				CLANG_WARN_OBJC_IMPLICIT_RETAIN_SELF = YES;
				CLANG_WARN_OBJC_LITERAL_CONVERSION = YES;
				CLANG_WARN_OBJC_ROOT_CLASS = YES_ERROR;
				CLANG_WARN_QUOTED_INCLUDE_IN_FRAMEWORK_HEADER = YES;
				CLANG_WARN_RANGE_LOOP_ANALYSIS = YES;
				CLANG_WARN_STRICT_PROTOTYPES = YES;
				CLANG_WARN_SUSPICIOUS_MOVE = YES;
				CLANG_WARN_UNGUARDED_AVAILABILITY = YES_AGGRESSIVE;
				CLANG_WARN_UNREACHABLE_CODE = YES;
				CLANG_WARN__DUPLICATE_METHOD_MATCH = YES;
				COPY_PHASE_STRIP = NO;
				DEBUG_INFORMATION_FORMAT = "dwarf-with-dsym";
				ENABLE_NS_ASSERTIONS = NO;
				ENABLE_STRICT_OBJC_MSGSEND = YES;
				GCC_C_LANGUAGE_STANDARD = gnu11;
				GCC_NO_COMMON_BLOCKS = YES;
				GCC_WARN_64_TO_32_BIT_CONVERSION = YES;
				GCC_WARN_ABOUT_RETURN_TYPE = YES_ERROR;
				GCC_WARN_UNDECLARED_SELECTOR = YES;
				GCC_WARN_UNINITIALIZED_AUTOS = YES_AGGRESSIVE;
				GCC_WARN_UNUSED_FUNCTION = YES;
				GCC_WARN_UNUSED_VARIABLE = YES;
				IPHONEOS_DEPLOYMENT_TARGET = 14.2;
				MTL_ENABLE_DEBUG_INFO = NO;
				MTL_FAST_MATH = YES;
				SDKROOT = iphoneos;
				SWIFT_COMPILATION_MODE = wholemodule;
				SWIFT_OPTIMIZATION_LEVEL = "-O";
				VALIDATE_PRODUCT = YES;
			};
			name = Release;
		};
		E9D63A812563FAC700C154F4 /* Debug */ = {
			isa = XCBuildConfiguration;
			baseConfigurationReference = 40D7550DB51538B584B5EE58 /* Pods-MakeItGreat.debug.xcconfig */;
			buildSettings = {
				ASSETCATALOG_COMPILER_APPICON_NAME = AppIcon;
				ASSETCATALOG_COMPILER_GLOBAL_ACCENT_COLOR_NAME = AccentColor;
				CODE_SIGN_STYLE = Automatic;
				DEVELOPMENT_TEAM = BABNQ3LD22;
				INFOPLIST_FILE = "$(SRCROOT)/Info.plist";
				IPHONEOS_DEPLOYMENT_TARGET = 14.1;
				LD_RUNPATH_SEARCH_PATHS = (
					"$(inherited)",
					"@executable_path/Frameworks",
				);
				MARKETING_VERSION = 1.0.3;
				PRODUCT_BUNDLE_IDENTIFIER = com.talesconrado.Atarefados;
				PRODUCT_NAME = "$(TARGET_NAME)";
				SWIFT_VERSION = 5.0;
				TARGETED_DEVICE_FAMILY = 1;
			};
			name = Debug;
		};
		E9D63A822563FAC700C154F4 /* Release */ = {
			isa = XCBuildConfiguration;
			baseConfigurationReference = 94590CB8F6C59C7BEA5C24B0 /* Pods-MakeItGreat.release.xcconfig */;
			buildSettings = {
				ASSETCATALOG_COMPILER_APPICON_NAME = AppIcon;
				ASSETCATALOG_COMPILER_GLOBAL_ACCENT_COLOR_NAME = AccentColor;
				CODE_SIGN_STYLE = Automatic;
				DEVELOPMENT_TEAM = BABNQ3LD22;
				INFOPLIST_FILE = "$(SRCROOT)/Info.plist";
				IPHONEOS_DEPLOYMENT_TARGET = 14.1;
				LD_RUNPATH_SEARCH_PATHS = (
					"$(inherited)",
					"@executable_path/Frameworks",
				);
				MARKETING_VERSION = 1.0.3;
				PRODUCT_BUNDLE_IDENTIFIER = com.talesconrado.Atarefados;
				PRODUCT_NAME = "$(TARGET_NAME)";
				SWIFT_VERSION = 5.0;
				TARGETED_DEVICE_FAMILY = 1;
			};
			name = Release;
		};
		E9D63A842563FAC700C154F4 /* Debug */ = {
			isa = XCBuildConfiguration;
			baseConfigurationReference = 76FBCDDFAAB7C49324380D2F /* Pods-MakeItGreatTests.debug.xcconfig */;
			buildSettings = {
				ALWAYS_EMBED_SWIFT_STANDARD_LIBRARIES = YES;
				BUNDLE_LOADER = "$(TEST_HOST)";
				CODE_SIGN_STYLE = Automatic;
				DEVELOPMENT_TEAM = BABNQ3LD22;
				INFOPLIST_FILE = MakeItGreatTests/Info.plist;
				IPHONEOS_DEPLOYMENT_TARGET = 14.2;
				LD_RUNPATH_SEARCH_PATHS = (
					"$(inherited)",
					"@executable_path/Frameworks",
					"@loader_path/Frameworks",
				);
				PRODUCT_BUNDLE_IDENTIFIER = com.talesconrado.MakeItGreatTests;
				PRODUCT_NAME = "$(TARGET_NAME)";
				SWIFT_VERSION = 5.0;
				TARGETED_DEVICE_FAMILY = "1,2";
				TEST_HOST = "$(BUILT_PRODUCTS_DIR)/MakeItGreat.app/MakeItGreat";
			};
			name = Debug;
		};
		E9D63A852563FAC700C154F4 /* Release */ = {
			isa = XCBuildConfiguration;
			baseConfigurationReference = A3F630DA7035B369E112FE54 /* Pods-MakeItGreatTests.release.xcconfig */;
			buildSettings = {
				ALWAYS_EMBED_SWIFT_STANDARD_LIBRARIES = YES;
				BUNDLE_LOADER = "$(TEST_HOST)";
				CODE_SIGN_STYLE = Automatic;
				DEVELOPMENT_TEAM = BABNQ3LD22;
				INFOPLIST_FILE = MakeItGreatTests/Info.plist;
				IPHONEOS_DEPLOYMENT_TARGET = 14.2;
				LD_RUNPATH_SEARCH_PATHS = (
					"$(inherited)",
					"@executable_path/Frameworks",
					"@loader_path/Frameworks",
				);
				PRODUCT_BUNDLE_IDENTIFIER = com.talesconrado.MakeItGreatTests;
				PRODUCT_NAME = "$(TARGET_NAME)";
				SWIFT_VERSION = 5.0;
				TARGETED_DEVICE_FAMILY = "1,2";
				TEST_HOST = "$(BUILT_PRODUCTS_DIR)/MakeItGreat.app/MakeItGreat";
			};
			name = Release;
		};
		E9D63A872563FAC700C154F4 /* Debug */ = {
			isa = XCBuildConfiguration;
			baseConfigurationReference = A69986CDB795813B98B3BE66 /* Pods-MakeItGreat-MakeItGreatUITests.debug.xcconfig */;
			buildSettings = {
				ALWAYS_EMBED_SWIFT_STANDARD_LIBRARIES = YES;
				CODE_SIGN_STYLE = Automatic;
				DEVELOPMENT_TEAM = BABNQ3LD22;
				INFOPLIST_FILE = MakeItGreatUITests/Info.plist;
				LD_RUNPATH_SEARCH_PATHS = (
					"$(inherited)",
					"@executable_path/Frameworks",
					"@loader_path/Frameworks",
				);
				PRODUCT_BUNDLE_IDENTIFIER = com.talesconrado.MakeItGreatUITests;
				PRODUCT_NAME = "$(TARGET_NAME)";
				SWIFT_VERSION = 5.0;
				TARGETED_DEVICE_FAMILY = "1,2";
				TEST_TARGET_NAME = MakeItGreat;
			};
			name = Debug;
		};
		E9D63A882563FAC700C154F4 /* Release */ = {
			isa = XCBuildConfiguration;
			baseConfigurationReference = 07BB2EED67B2FEFD2775D453 /* Pods-MakeItGreat-MakeItGreatUITests.release.xcconfig */;
			buildSettings = {
				ALWAYS_EMBED_SWIFT_STANDARD_LIBRARIES = YES;
				CODE_SIGN_STYLE = Automatic;
				DEVELOPMENT_TEAM = BABNQ3LD22;
				INFOPLIST_FILE = MakeItGreatUITests/Info.plist;
				LD_RUNPATH_SEARCH_PATHS = (
					"$(inherited)",
					"@executable_path/Frameworks",
					"@loader_path/Frameworks",
				);
				PRODUCT_BUNDLE_IDENTIFIER = com.talesconrado.MakeItGreatUITests;
				PRODUCT_NAME = "$(TARGET_NAME)";
				SWIFT_VERSION = 5.0;
				TARGETED_DEVICE_FAMILY = "1,2";
				TEST_TARGET_NAME = MakeItGreat;
			};
			name = Release;
		};
/* End XCBuildConfiguration section */

/* Begin XCConfigurationList section */
		E9D63A4E2563FAC300C154F4 /* Build configuration list for PBXProject "MakeItGreat" */ = {
			isa = XCConfigurationList;
			buildConfigurations = (
				E9D63A7E2563FAC700C154F4 /* Debug */,
				E9D63A7F2563FAC700C154F4 /* Release */,
			);
			defaultConfigurationIsVisible = 0;
			defaultConfigurationName = Release;
		};
		E9D63A802563FAC700C154F4 /* Build configuration list for PBXNativeTarget "MakeItGreat" */ = {
			isa = XCConfigurationList;
			buildConfigurations = (
				E9D63A812563FAC700C154F4 /* Debug */,
				E9D63A822563FAC700C154F4 /* Release */,
			);
			defaultConfigurationIsVisible = 0;
			defaultConfigurationName = Release;
		};
		E9D63A832563FAC700C154F4 /* Build configuration list for PBXNativeTarget "MakeItGreatTests" */ = {
			isa = XCConfigurationList;
			buildConfigurations = (
				E9D63A842563FAC700C154F4 /* Debug */,
				E9D63A852563FAC700C154F4 /* Release */,
			);
			defaultConfigurationIsVisible = 0;
			defaultConfigurationName = Release;
		};
		E9D63A862563FAC700C154F4 /* Build configuration list for PBXNativeTarget "MakeItGreatUITests" */ = {
			isa = XCConfigurationList;
			buildConfigurations = (
				E9D63A872563FAC700C154F4 /* Debug */,
				E9D63A882563FAC700C154F4 /* Release */,
			);
			defaultConfigurationIsVisible = 0;
			defaultConfigurationName = Release;
		};
/* End XCConfigurationList section */

/* Begin XCVersionGroup section */
		E9D63A5F2563FAC300C154F4 /* MakeItGreat.xcdatamodeld */ = {
			isa = XCVersionGroup;
			children = (
				E9D63A602563FAC300C154F4 /* MakeItGreat.xcdatamodel */,
			);
			currentVersion = E9D63A602563FAC300C154F4 /* MakeItGreat.xcdatamodel */;
			path = MakeItGreat.xcdatamodeld;
			sourceTree = "<group>";
			versionGroupType = wrapper.xcdatamodel;
		};
/* End XCVersionGroup section */
	};
	rootObject = E9D63A4B2563FAC300C154F4 /* Project object */;
}
